// !$*UTF8*$!
{
	archiveVersion = 1;
	classes = {
	};
	objectVersion = 50;
	objects = {

/* Begin PBXBuildFile section */
		D71784AF237CC8F700FF9B98 /* DeltaCodecTests.swift in Sources */ = {isa = PBXBuildFile; fileRef = D71784AE237CC8F700FF9B98 /* DeltaCodecTests.swift */; };
		D71784BD237CE15700FF9B98 /* DeltaCodec.h in Headers */ = {isa = PBXBuildFile; fileRef = D7BC7E8123211AC100CF6FFD /* DeltaCodec.h */; settings = {ATTRIBUTES = (Public, ); }; };
		D71784BF237CE2AA00FF9B98 /* ARTDeltaCodec.h in Headers */ = {isa = PBXBuildFile; fileRef = D7BC7E9B23214BF600CF6FFD /* ARTDeltaCodec.h */; settings = {ATTRIBUTES = (Public, ); }; };
		D71784C0237CE52E00FF9B98 /* ARTDeltaCodec.mm in Sources */ = {isa = PBXBuildFile; fileRef = D7BC7E9C23214BF600CF6FFD /* ARTDeltaCodec.mm */; };
		D7404CAC23843DD70066B5F5 /* xdelta3-djw.h in Headers */ = {isa = PBXBuildFile; fileRef = D7404CA023843DD70066B5F5 /* xdelta3-djw.h */; };
		D7404CAD23843DD70066B5F5 /* xdelta3-decode.h in Headers */ = {isa = PBXBuildFile; fileRef = D7404CA123843DD70066B5F5 /* xdelta3-decode.h */; };
		D7404CAE23843DD70066B5F5 /* xdelta3-cfgs.h in Headers */ = {isa = PBXBuildFile; fileRef = D7404CA223843DD70066B5F5 /* xdelta3-cfgs.h */; };
		D7404CAF23843DD70066B5F5 /* xdelta3.h in Headers */ = {isa = PBXBuildFile; fileRef = D7404CA323843DD70066B5F5 /* xdelta3.h */; };
		D7404CB023843DD70066B5F5 /* xdelta3-blkcache.h in Headers */ = {isa = PBXBuildFile; fileRef = D7404CA423843DD70066B5F5 /* xdelta3-blkcache.h */; };
		D7404CB123843DD70066B5F5 /* xdelta3-hash.h in Headers */ = {isa = PBXBuildFile; fileRef = D7404CA523843DD70066B5F5 /* xdelta3-hash.h */; };
		D7404CB223843DD70066B5F5 /* xdelta3-fgk.h in Headers */ = {isa = PBXBuildFile; fileRef = D7404CA623843DD70066B5F5 /* xdelta3-fgk.h */; };
		D7404CB323843DD70066B5F5 /* xdelta3-list.h in Headers */ = {isa = PBXBuildFile; fileRef = D7404CA723843DD70066B5F5 /* xdelta3-list.h */; };
		D7404CB423843DD70066B5F5 /* xdelta3-merge.h in Headers */ = {isa = PBXBuildFile; fileRef = D7404CA823843DD70066B5F5 /* xdelta3-merge.h */; };
		D7404CB523843DD70066B5F5 /* xdelta3-internal.h in Headers */ = {isa = PBXBuildFile; fileRef = D7404CA923843DD70066B5F5 /* xdelta3-internal.h */; };
		D7404CB623843DD70066B5F5 /* xdelta3.c in Sources */ = {isa = PBXBuildFile; fileRef = D7404CAA23843DD70066B5F5 /* xdelta3.c */; };
		D7404CB723843DD70066B5F5 /* xdelta3-main.h in Headers */ = {isa = PBXBuildFile; fileRef = D7404CAB23843DD70066B5F5 /* xdelta3-main.h */; };
		D7404CBA23843E120066B5F5 /* xdelta3-second.h in Headers */ = {isa = PBXBuildFile; fileRef = D7404CB823843E120066B5F5 /* xdelta3-second.h */; };
		D7404CBD23843E8A0066B5F5 /* config.h in Headers */ = {isa = PBXBuildFile; fileRef = D7404CBC23843E8A0066B5F5 /* config.h */; };
		D7BC7E8323211AC100CF6FFD /* DeltaCodec.h in Headers */ = {isa = PBXBuildFile; fileRef = D7BC7E8123211AC100CF6FFD /* DeltaCodec.h */; settings = {ATTRIBUTES = (Public, ); }; };
		D7BC7E9D23214BF600CF6FFD /* ARTDeltaCodec.h in Headers */ = {isa = PBXBuildFile; fileRef = D7BC7E9B23214BF600CF6FFD /* ARTDeltaCodec.h */; settings = {ATTRIBUTES = (Public, ); }; };
		D7BC7E9E23214BF600CF6FFD /* ARTDeltaCodec.mm in Sources */ = {isa = PBXBuildFile; fileRef = D7BC7E9C23214BF600CF6FFD /* ARTDeltaCodec.mm */; };
		D7BC7EA82321C91500CF6FFD /* DeltaCodecTests.m in Sources */ = {isa = PBXBuildFile; fileRef = D7BC7EA72321C91500CF6FFD /* DeltaCodecTests.m */; };
		D7BC7EAA2321C91500CF6FFD /* DeltaCodec.framework in Frameworks */ = {isa = PBXBuildFile; fileRef = D7BC7E7E23211AC100CF6FFD /* DeltaCodec.framework */; };
		D7CF6197238441750019C1AA /* xdelta3-blkcache.h in Headers */ = {isa = PBXBuildFile; fileRef = D7404CA423843DD70066B5F5 /* xdelta3-blkcache.h */; };
		D7CF6198238441750019C1AA /* xdelta3-cfgs.h in Headers */ = {isa = PBXBuildFile; fileRef = D7404CA223843DD70066B5F5 /* xdelta3-cfgs.h */; };
		D7CF6199238441750019C1AA /* xdelta3-decode.h in Headers */ = {isa = PBXBuildFile; fileRef = D7404CA123843DD70066B5F5 /* xdelta3-decode.h */; };
		D7CF619A238441750019C1AA /* xdelta3-djw.h in Headers */ = {isa = PBXBuildFile; fileRef = D7404CA023843DD70066B5F5 /* xdelta3-djw.h */; };
		D7CF619B238441750019C1AA /* xdelta3-fgk.h in Headers */ = {isa = PBXBuildFile; fileRef = D7404CA623843DD70066B5F5 /* xdelta3-fgk.h */; };
		D7CF619C238441750019C1AA /* xdelta3-hash.h in Headers */ = {isa = PBXBuildFile; fileRef = D7404CA523843DD70066B5F5 /* xdelta3-hash.h */; };
		D7CF619D238441750019C1AA /* xdelta3-internal.h in Headers */ = {isa = PBXBuildFile; fileRef = D7404CA923843DD70066B5F5 /* xdelta3-internal.h */; };
		D7CF619E238441750019C1AA /* xdelta3-list.h in Headers */ = {isa = PBXBuildFile; fileRef = D7404CA723843DD70066B5F5 /* xdelta3-list.h */; };
		D7CF619F238441750019C1AA /* xdelta3-main.h in Headers */ = {isa = PBXBuildFile; fileRef = D7404CAB23843DD70066B5F5 /* xdelta3-main.h */; };
		D7CF61A0238441750019C1AA /* xdelta3-merge.h in Headers */ = {isa = PBXBuildFile; fileRef = D7404CA823843DD70066B5F5 /* xdelta3-merge.h */; };
		D7CF61A1238441750019C1AA /* xdelta3-second.h in Headers */ = {isa = PBXBuildFile; fileRef = D7404CB823843E120066B5F5 /* xdelta3-second.h */; };
		D7CF61A2238441750019C1AA /* xdelta3.c in Sources */ = {isa = PBXBuildFile; fileRef = D7404CAA23843DD70066B5F5 /* xdelta3.c */; };
		D7CF61A3238441750019C1AA /* xdelta3.h in Headers */ = {isa = PBXBuildFile; fileRef = D7404CA323843DD70066B5F5 /* xdelta3.h */; };
		D7CF61A4238441750019C1AA /* config.h in Headers */ = {isa = PBXBuildFile; fileRef = D7404CBC23843E8A0066B5F5 /* config.h */; };
		D7CF61BF238442CD0019C1AA /* DeltaCodec.h in Headers */ = {isa = PBXBuildFile; fileRef = D7BC7E8123211AC100CF6FFD /* DeltaCodec.h */; settings = {ATTRIBUTES = (Public, ); }; };
		D7CF61C0238442CE0019C1AA /* DeltaCodec.h in Headers */ = {isa = PBXBuildFile; fileRef = D7BC7E8123211AC100CF6FFD /* DeltaCodec.h */; settings = {ATTRIBUTES = (Public, ); }; };
		D7CF61C1238442D40019C1AA /* ARTDeltaCodec.h in Headers */ = {isa = PBXBuildFile; fileRef = D7BC7E9B23214BF600CF6FFD /* ARTDeltaCodec.h */; settings = {ATTRIBUTES = (Public, ); }; };
		D7CF61C2238442D50019C1AA /* ARTDeltaCodec.h in Headers */ = {isa = PBXBuildFile; fileRef = D7BC7E9B23214BF600CF6FFD /* ARTDeltaCodec.h */; settings = {ATTRIBUTES = (Public, ); }; };
		D7CF61C3238442DA0019C1AA /* ARTDeltaCodec.mm in Sources */ = {isa = PBXBuildFile; fileRef = D7BC7E9C23214BF600CF6FFD /* ARTDeltaCodec.mm */; };
		D7CF61C4238442DA0019C1AA /* ARTDeltaCodec.mm in Sources */ = {isa = PBXBuildFile; fileRef = D7BC7E9C23214BF600CF6FFD /* ARTDeltaCodec.mm */; };
		D7CF61C5238442E00019C1AA /* xdelta3-blkcache.h in Headers */ = {isa = PBXBuildFile; fileRef = D7404CA423843DD70066B5F5 /* xdelta3-blkcache.h */; };
		D7CF61C6238442E00019C1AA /* xdelta3-cfgs.h in Headers */ = {isa = PBXBuildFile; fileRef = D7404CA223843DD70066B5F5 /* xdelta3-cfgs.h */; };
		D7CF61C7238442E00019C1AA /* xdelta3-decode.h in Headers */ = {isa = PBXBuildFile; fileRef = D7404CA123843DD70066B5F5 /* xdelta3-decode.h */; };
		D7CF61C8238442E00019C1AA /* xdelta3-djw.h in Headers */ = {isa = PBXBuildFile; fileRef = D7404CA023843DD70066B5F5 /* xdelta3-djw.h */; };
		D7CF61C9238442E00019C1AA /* xdelta3-fgk.h in Headers */ = {isa = PBXBuildFile; fileRef = D7404CA623843DD70066B5F5 /* xdelta3-fgk.h */; };
		D7CF61CA238442E00019C1AA /* xdelta3-hash.h in Headers */ = {isa = PBXBuildFile; fileRef = D7404CA523843DD70066B5F5 /* xdelta3-hash.h */; };
		D7CF61CB238442E00019C1AA /* xdelta3-internal.h in Headers */ = {isa = PBXBuildFile; fileRef = D7404CA923843DD70066B5F5 /* xdelta3-internal.h */; };
		D7CF61CC238442E00019C1AA /* xdelta3-list.h in Headers */ = {isa = PBXBuildFile; fileRef = D7404CA723843DD70066B5F5 /* xdelta3-list.h */; };
		D7CF61CD238442E00019C1AA /* xdelta3-main.h in Headers */ = {isa = PBXBuildFile; fileRef = D7404CAB23843DD70066B5F5 /* xdelta3-main.h */; };
		D7CF61CE238442E00019C1AA /* xdelta3-merge.h in Headers */ = {isa = PBXBuildFile; fileRef = D7404CA823843DD70066B5F5 /* xdelta3-merge.h */; };
		D7CF61CF238442E00019C1AA /* xdelta3-second.h in Headers */ = {isa = PBXBuildFile; fileRef = D7404CB823843E120066B5F5 /* xdelta3-second.h */; };
		D7CF61D0238442E00019C1AA /* xdelta3.c in Sources */ = {isa = PBXBuildFile; fileRef = D7404CAA23843DD70066B5F5 /* xdelta3.c */; };
		D7CF61D1238442E00019C1AA /* xdelta3.h in Headers */ = {isa = PBXBuildFile; fileRef = D7404CA323843DD70066B5F5 /* xdelta3.h */; };
		D7CF61D2238442E00019C1AA /* config.h in Headers */ = {isa = PBXBuildFile; fileRef = D7404CBC23843E8A0066B5F5 /* config.h */; };
		D7CF61D3238442E10019C1AA /* xdelta3-blkcache.h in Headers */ = {isa = PBXBuildFile; fileRef = D7404CA423843DD70066B5F5 /* xdelta3-blkcache.h */; };
		D7CF61D4238442E10019C1AA /* xdelta3-cfgs.h in Headers */ = {isa = PBXBuildFile; fileRef = D7404CA223843DD70066B5F5 /* xdelta3-cfgs.h */; };
		D7CF61D5238442E10019C1AA /* xdelta3-decode.h in Headers */ = {isa = PBXBuildFile; fileRef = D7404CA123843DD70066B5F5 /* xdelta3-decode.h */; };
		D7CF61D6238442E10019C1AA /* xdelta3-djw.h in Headers */ = {isa = PBXBuildFile; fileRef = D7404CA023843DD70066B5F5 /* xdelta3-djw.h */; };
		D7CF61D7238442E10019C1AA /* xdelta3-fgk.h in Headers */ = {isa = PBXBuildFile; fileRef = D7404CA623843DD70066B5F5 /* xdelta3-fgk.h */; };
		D7CF61D8238442E10019C1AA /* xdelta3-hash.h in Headers */ = {isa = PBXBuildFile; fileRef = D7404CA523843DD70066B5F5 /* xdelta3-hash.h */; };
		D7CF61D9238442E10019C1AA /* xdelta3-internal.h in Headers */ = {isa = PBXBuildFile; fileRef = D7404CA923843DD70066B5F5 /* xdelta3-internal.h */; };
		D7CF61DA238442E10019C1AA /* xdelta3-list.h in Headers */ = {isa = PBXBuildFile; fileRef = D7404CA723843DD70066B5F5 /* xdelta3-list.h */; };
		D7CF61DB238442E10019C1AA /* xdelta3-main.h in Headers */ = {isa = PBXBuildFile; fileRef = D7404CAB23843DD70066B5F5 /* xdelta3-main.h */; };
		D7CF61DC238442E10019C1AA /* xdelta3-merge.h in Headers */ = {isa = PBXBuildFile; fileRef = D7404CA823843DD70066B5F5 /* xdelta3-merge.h */; };
		D7CF61DD238442E10019C1AA /* xdelta3-second.h in Headers */ = {isa = PBXBuildFile; fileRef = D7404CB823843E120066B5F5 /* xdelta3-second.h */; };
		D7CF61DE238442E10019C1AA /* xdelta3.c in Sources */ = {isa = PBXBuildFile; fileRef = D7404CAA23843DD70066B5F5 /* xdelta3.c */; };
		D7CF61DF238442E10019C1AA /* xdelta3.h in Headers */ = {isa = PBXBuildFile; fileRef = D7404CA323843DD70066B5F5 /* xdelta3.h */; };
		D7CF61E0238442E10019C1AA /* config.h in Headers */ = {isa = PBXBuildFile; fileRef = D7404CBC23843E8A0066B5F5 /* config.h */; };
/* End PBXBuildFile section */

/* Begin PBXContainerItemProxy section */
		D7BC7EAB2321C91500CF6FFD /* PBXContainerItemProxy */ = {
			isa = PBXContainerItemProxy;
			containerPortal = D7BC7E7523211AC100CF6FFD /* Project object */;
			proxyType = 1;
			remoteGlobalIDString = D7BC7E7D23211AC100CF6FFD;
			remoteInfo = AblyCodec;
		};
/* End PBXContainerItemProxy section */

/* Begin PBXFileReference section */
		D71784AD237CC8F700FF9B98 /* DeltaCodecTests-Bridging-Header.h */ = {isa = PBXFileReference; lastKnownFileType = sourcecode.c.h; path = "DeltaCodecTests-Bridging-Header.h"; sourceTree = "<group>"; };
		D71784AE237CC8F700FF9B98 /* DeltaCodecTests.swift */ = {isa = PBXFileReference; lastKnownFileType = sourcecode.swift; path = DeltaCodecTests.swift; sourceTree = "<group>"; };
		D71784B5237CE05100FF9B98 /* DeltaCodec.framework */ = {isa = PBXFileReference; explicitFileType = wrapper.framework; includeInIndex = 0; path = DeltaCodec.framework; sourceTree = BUILT_PRODUCTS_DIR; };
		D7404CA023843DD70066B5F5 /* xdelta3-djw.h */ = {isa = PBXFileReference; fileEncoding = 4; lastKnownFileType = sourcecode.c.h; name = "xdelta3-djw.h"; path = "xdelta/xdelta3/xdelta3-djw.h"; sourceTree = SOURCE_ROOT; };
		D7404CA123843DD70066B5F5 /* xdelta3-decode.h */ = {isa = PBXFileReference; fileEncoding = 4; lastKnownFileType = sourcecode.c.h; name = "xdelta3-decode.h"; path = "xdelta/xdelta3/xdelta3-decode.h"; sourceTree = SOURCE_ROOT; };
		D7404CA223843DD70066B5F5 /* xdelta3-cfgs.h */ = {isa = PBXFileReference; fileEncoding = 4; lastKnownFileType = sourcecode.c.h; name = "xdelta3-cfgs.h"; path = "xdelta/xdelta3/xdelta3-cfgs.h"; sourceTree = SOURCE_ROOT; };
		D7404CA323843DD70066B5F5 /* xdelta3.h */ = {isa = PBXFileReference; fileEncoding = 4; lastKnownFileType = sourcecode.c.h; name = xdelta3.h; path = xdelta/xdelta3/xdelta3.h; sourceTree = SOURCE_ROOT; };
		D7404CA423843DD70066B5F5 /* xdelta3-blkcache.h */ = {isa = PBXFileReference; fileEncoding = 4; lastKnownFileType = sourcecode.c.h; name = "xdelta3-blkcache.h"; path = "xdelta/xdelta3/xdelta3-blkcache.h"; sourceTree = SOURCE_ROOT; };
		D7404CA523843DD70066B5F5 /* xdelta3-hash.h */ = {isa = PBXFileReference; fileEncoding = 4; lastKnownFileType = sourcecode.c.h; name = "xdelta3-hash.h"; path = "xdelta/xdelta3/xdelta3-hash.h"; sourceTree = SOURCE_ROOT; };
		D7404CA623843DD70066B5F5 /* xdelta3-fgk.h */ = {isa = PBXFileReference; fileEncoding = 4; lastKnownFileType = sourcecode.c.h; name = "xdelta3-fgk.h"; path = "xdelta/xdelta3/xdelta3-fgk.h"; sourceTree = SOURCE_ROOT; };
		D7404CA723843DD70066B5F5 /* xdelta3-list.h */ = {isa = PBXFileReference; fileEncoding = 4; lastKnownFileType = sourcecode.c.h; name = "xdelta3-list.h"; path = "xdelta/xdelta3/xdelta3-list.h"; sourceTree = SOURCE_ROOT; };
		D7404CA823843DD70066B5F5 /* xdelta3-merge.h */ = {isa = PBXFileReference; fileEncoding = 4; lastKnownFileType = sourcecode.c.h; name = "xdelta3-merge.h"; path = "xdelta/xdelta3/xdelta3-merge.h"; sourceTree = SOURCE_ROOT; };
		D7404CA923843DD70066B5F5 /* xdelta3-internal.h */ = {isa = PBXFileReference; fileEncoding = 4; lastKnownFileType = sourcecode.c.h; name = "xdelta3-internal.h"; path = "xdelta/xdelta3/xdelta3-internal.h"; sourceTree = SOURCE_ROOT; };
		D7404CAA23843DD70066B5F5 /* xdelta3.c */ = {isa = PBXFileReference; fileEncoding = 4; lastKnownFileType = sourcecode.c.c; name = xdelta3.c; path = xdelta/xdelta3/xdelta3.c; sourceTree = SOURCE_ROOT; };
		D7404CAB23843DD70066B5F5 /* xdelta3-main.h */ = {isa = PBXFileReference; fileEncoding = 4; lastKnownFileType = sourcecode.c.h; name = "xdelta3-main.h"; path = "xdelta/xdelta3/xdelta3-main.h"; sourceTree = SOURCE_ROOT; };
		D7404CB823843E120066B5F5 /* xdelta3-second.h */ = {isa = PBXFileReference; fileEncoding = 4; lastKnownFileType = sourcecode.c.h; name = "xdelta3-second.h"; path = "xdelta/xdelta3/xdelta3-second.h"; sourceTree = SOURCE_ROOT; };
		D7404CBC23843E8A0066B5F5 /* config.h */ = {isa = PBXFileReference; fileEncoding = 4; lastKnownFileType = sourcecode.c.h; name = config.h; path = source/config.h; sourceTree = SOURCE_ROOT; };
		D7BC7E7E23211AC100CF6FFD /* DeltaCodec.framework */ = {isa = PBXFileReference; explicitFileType = wrapper.framework; includeInIndex = 0; path = DeltaCodec.framework; sourceTree = BUILT_PRODUCTS_DIR; };
		D7BC7E8123211AC100CF6FFD /* DeltaCodec.h */ = {isa = PBXFileReference; lastKnownFileType = sourcecode.c.h; path = DeltaCodec.h; sourceTree = "<group>"; };
		D7BC7E8223211AC100CF6FFD /* Info.plist */ = {isa = PBXFileReference; lastKnownFileType = text.plist.xml; path = Info.plist; sourceTree = "<group>"; };
		D7BC7E9B23214BF600CF6FFD /* ARTDeltaCodec.h */ = {isa = PBXFileReference; lastKnownFileType = sourcecode.c.h; name = ARTDeltaCodec.h; path = source/ARTDeltaCodec.h; sourceTree = SOURCE_ROOT; };
		D7BC7E9C23214BF600CF6FFD /* ARTDeltaCodec.mm */ = {isa = PBXFileReference; lastKnownFileType = sourcecode.cpp.objcpp; name = ARTDeltaCodec.mm; path = source/ARTDeltaCodec.mm; sourceTree = SOURCE_ROOT; };
		D7BC7EA52321C91500CF6FFD /* DeltaCodecTests.xctest */ = {isa = PBXFileReference; explicitFileType = wrapper.cfbundle; includeInIndex = 0; path = DeltaCodecTests.xctest; sourceTree = BUILT_PRODUCTS_DIR; };
		D7BC7EA72321C91500CF6FFD /* DeltaCodecTests.m */ = {isa = PBXFileReference; lastKnownFileType = sourcecode.c.objc; path = DeltaCodecTests.m; sourceTree = "<group>"; };
		D7BC7EA92321C91500CF6FFD /* Info.plist */ = {isa = PBXFileReference; lastKnownFileType = text.plist.xml; path = Info.plist; sourceTree = "<group>"; };
		D7CF61AA238441E90019C1AA /* DeltaCodec.framework */ = {isa = PBXFileReference; explicitFileType = wrapper.framework; includeInIndex = 0; path = DeltaCodec.framework; sourceTree = BUILT_PRODUCTS_DIR; };
		D7CF61B7238441FE0019C1AA /* DeltaCodec.framework */ = {isa = PBXFileReference; explicitFileType = wrapper.framework; includeInIndex = 0; path = DeltaCodec.framework; sourceTree = BUILT_PRODUCTS_DIR; };
/* End PBXFileReference section */

/* Begin PBXFrameworksBuildPhase section */
		D71784B2237CE05100FF9B98 /* Frameworks */ = {
			isa = PBXFrameworksBuildPhase;
			buildActionMask = 2147483647;
			files = (
			);
			runOnlyForDeploymentPostprocessing = 0;
		};
		D7BC7E7B23211AC100CF6FFD /* Frameworks */ = {
			isa = PBXFrameworksBuildPhase;
			buildActionMask = 2147483647;
			files = (
			);
			runOnlyForDeploymentPostprocessing = 0;
		};
		D7BC7EA22321C91500CF6FFD /* Frameworks */ = {
			isa = PBXFrameworksBuildPhase;
			buildActionMask = 2147483647;
			files = (
				D7BC7EAA2321C91500CF6FFD /* DeltaCodec.framework in Frameworks */,
			);
			runOnlyForDeploymentPostprocessing = 0;
		};
		D7CF61A7238441E90019C1AA /* Frameworks */ = {
			isa = PBXFrameworksBuildPhase;
			buildActionMask = 2147483647;
			files = (
			);
			runOnlyForDeploymentPostprocessing = 0;
		};
		D7CF61B4238441FE0019C1AA /* Frameworks */ = {
			isa = PBXFrameworksBuildPhase;
			buildActionMask = 2147483647;
			files = (
			);
			runOnlyForDeploymentPostprocessing = 0;
		};
/* End PBXFrameworksBuildPhase section */

/* Begin PBXGroup section */
		D7404C9F23843DC10066B5F5 /* xdelta */ = {
			isa = PBXGroup;
			children = (
				D7404CA423843DD70066B5F5 /* xdelta3-blkcache.h */,
				D7404CA223843DD70066B5F5 /* xdelta3-cfgs.h */,
				D7404CA123843DD70066B5F5 /* xdelta3-decode.h */,
				D7404CA023843DD70066B5F5 /* xdelta3-djw.h */,
				D7404CA623843DD70066B5F5 /* xdelta3-fgk.h */,
				D7404CA523843DD70066B5F5 /* xdelta3-hash.h */,
				D7404CA923843DD70066B5F5 /* xdelta3-internal.h */,
				D7404CA723843DD70066B5F5 /* xdelta3-list.h */,
				D7404CAB23843DD70066B5F5 /* xdelta3-main.h */,
				D7404CA823843DD70066B5F5 /* xdelta3-merge.h */,
				D7404CB823843E120066B5F5 /* xdelta3-second.h */,
				D7404CAA23843DD70066B5F5 /* xdelta3.c */,
				D7404CA323843DD70066B5F5 /* xdelta3.h */,
				D7404CBC23843E8A0066B5F5 /* config.h */,
			);
			name = xdelta;
			sourceTree = "<group>";
		};
		D7BC7E7423211AC100CF6FFD = {
			isa = PBXGroup;
			children = (
				D7BC7E8023211AC100CF6FFD /* DeltaCodec */,
				D7BC7EA62321C91500CF6FFD /* DeltaCodecTests */,
				D7BC7E7F23211AC100CF6FFD /* Products */,
			);
			sourceTree = "<group>";
		};
		D7BC7E7F23211AC100CF6FFD /* Products */ = {
			isa = PBXGroup;
			children = (
				D7BC7E7E23211AC100CF6FFD /* DeltaCodec.framework */,
				D7BC7EA52321C91500CF6FFD /* DeltaCodecTests.xctest */,
				D71784B5237CE05100FF9B98 /* DeltaCodec.framework */,
				D7CF61AA238441E90019C1AA /* DeltaCodec.framework */,
				D7CF61B7238441FE0019C1AA /* DeltaCodec.framework */,
			);
			name = Products;
			sourceTree = "<group>";
		};
		D7BC7E8023211AC100CF6FFD /* DeltaCodec */ = {
			isa = PBXGroup;
			children = (
				D7BC7E8123211AC100CF6FFD /* DeltaCodec.h */,
				D7BC7E9B23214BF600CF6FFD /* ARTDeltaCodec.h */,
				D7BC7E9C23214BF600CF6FFD /* ARTDeltaCodec.mm */,
				D7404C9F23843DC10066B5F5 /* xdelta */,
				D7BC7E8223211AC100CF6FFD /* Info.plist */,
			);
			path = DeltaCodec;
			sourceTree = "<group>";
		};
		D7BC7EA62321C91500CF6FFD /* DeltaCodecTests */ = {
			isa = PBXGroup;
			children = (
				D7BC7EA72321C91500CF6FFD /* DeltaCodecTests.m */,
				D71784AE237CC8F700FF9B98 /* DeltaCodecTests.swift */,
				D71784AD237CC8F700FF9B98 /* DeltaCodecTests-Bridging-Header.h */,
				D7BC7EA92321C91500CF6FFD /* Info.plist */,
			);
			path = DeltaCodecTests;
			sourceTree = "<group>";
		};
/* End PBXGroup section */

/* Begin PBXHeadersBuildPhase section */
		D71784B0237CE05100FF9B98 /* Headers */ = {
			isa = PBXHeadersBuildPhase;
			buildActionMask = 2147483647;
			files = (
				D7404CB223843DD70066B5F5 /* xdelta3-fgk.h in Headers */,
				D7404CAD23843DD70066B5F5 /* xdelta3-decode.h in Headers */,
				D7404CB323843DD70066B5F5 /* xdelta3-list.h in Headers */,
				D7404CB023843DD70066B5F5 /* xdelta3-blkcache.h in Headers */,
				D7404CBD23843E8A0066B5F5 /* config.h in Headers */,
				D7404CB123843DD70066B5F5 /* xdelta3-hash.h in Headers */,
				D7404CAC23843DD70066B5F5 /* xdelta3-djw.h in Headers */,
				D7404CAF23843DD70066B5F5 /* xdelta3.h in Headers */,
				D7404CB723843DD70066B5F5 /* xdelta3-main.h in Headers */,
				D7404CB523843DD70066B5F5 /* xdelta3-internal.h in Headers */,
				D7404CAE23843DD70066B5F5 /* xdelta3-cfgs.h in Headers */,
				D7404CBA23843E120066B5F5 /* xdelta3-second.h in Headers */,
				D7404CB423843DD70066B5F5 /* xdelta3-merge.h in Headers */,
				D71784BF237CE2AA00FF9B98 /* ARTDeltaCodec.h in Headers */,
				D71784BD237CE15700FF9B98 /* DeltaCodec.h in Headers */,
			);
			runOnlyForDeploymentPostprocessing = 0;
		};
		D7BC7E7923211AC100CF6FFD /* Headers */ = {
			isa = PBXHeadersBuildPhase;
			buildActionMask = 2147483647;
			files = (
				D7CF619A238441750019C1AA /* xdelta3-djw.h in Headers */,
				D7BC7E9D23214BF600CF6FFD /* ARTDeltaCodec.h in Headers */,
				D7CF619F238441750019C1AA /* xdelta3-main.h in Headers */,
				D7CF619E238441750019C1AA /* xdelta3-list.h in Headers */,
				D7CF619C238441750019C1AA /* xdelta3-hash.h in Headers */,
				D7CF61A1238441750019C1AA /* xdelta3-second.h in Headers */,
				D7CF61A3238441750019C1AA /* xdelta3.h in Headers */,
				D7CF619B238441750019C1AA /* xdelta3-fgk.h in Headers */,
				D7CF619D238441750019C1AA /* xdelta3-internal.h in Headers */,
				D7CF61A0238441750019C1AA /* xdelta3-merge.h in Headers */,
				D7CF6198238441750019C1AA /* xdelta3-cfgs.h in Headers */,
				D7CF6197238441750019C1AA /* xdelta3-blkcache.h in Headers */,
				D7BC7E8323211AC100CF6FFD /* DeltaCodec.h in Headers */,
				D7CF6199238441750019C1AA /* xdelta3-decode.h in Headers */,
				D7CF61A4238441750019C1AA /* config.h in Headers */,
			);
			runOnlyForDeploymentPostprocessing = 0;
		};
		D7CF61A5238441E90019C1AA /* Headers */ = {
			isa = PBXHeadersBuildPhase;
			buildActionMask = 2147483647;
			files = (
				D7CF61C8238442E00019C1AA /* xdelta3-djw.h in Headers */,
				D7CF61C1238442D40019C1AA /* ARTDeltaCodec.h in Headers */,
				D7CF61CD238442E00019C1AA /* xdelta3-main.h in Headers */,
				D7CF61CC238442E00019C1AA /* xdelta3-list.h in Headers */,
				D7CF61CA238442E00019C1AA /* xdelta3-hash.h in Headers */,
				D7CF61CF238442E00019C1AA /* xdelta3-second.h in Headers */,
				D7CF61D1238442E00019C1AA /* xdelta3.h in Headers */,
				D7CF61C9238442E00019C1AA /* xdelta3-fgk.h in Headers */,
				D7CF61CB238442E00019C1AA /* xdelta3-internal.h in Headers */,
				D7CF61CE238442E00019C1AA /* xdelta3-merge.h in Headers */,
				D7CF61C6238442E00019C1AA /* xdelta3-cfgs.h in Headers */,
				D7CF61C5238442E00019C1AA /* xdelta3-blkcache.h in Headers */,
				D7CF61BF238442CD0019C1AA /* DeltaCodec.h in Headers */,
				D7CF61C7238442E00019C1AA /* xdelta3-decode.h in Headers */,
				D7CF61D2238442E00019C1AA /* config.h in Headers */,
			);
			runOnlyForDeploymentPostprocessing = 0;
		};
		D7CF61B2238441FE0019C1AA /* Headers */ = {
			isa = PBXHeadersBuildPhase;
			buildActionMask = 2147483647;
			files = (
				D7CF61D6238442E10019C1AA /* xdelta3-djw.h in Headers */,
				D7CF61C2238442D50019C1AA /* ARTDeltaCodec.h in Headers */,
				D7CF61DB238442E10019C1AA /* xdelta3-main.h in Headers */,
				D7CF61DA238442E10019C1AA /* xdelta3-list.h in Headers */,
				D7CF61D8238442E10019C1AA /* xdelta3-hash.h in Headers */,
				D7CF61DD238442E10019C1AA /* xdelta3-second.h in Headers */,
				D7CF61DF238442E10019C1AA /* xdelta3.h in Headers */,
				D7CF61D7238442E10019C1AA /* xdelta3-fgk.h in Headers */,
				D7CF61D9238442E10019C1AA /* xdelta3-internal.h in Headers */,
				D7CF61DC238442E10019C1AA /* xdelta3-merge.h in Headers */,
				D7CF61D4238442E10019C1AA /* xdelta3-cfgs.h in Headers */,
				D7CF61D3238442E10019C1AA /* xdelta3-blkcache.h in Headers */,
				D7CF61C0238442CE0019C1AA /* DeltaCodec.h in Headers */,
				D7CF61D5238442E10019C1AA /* xdelta3-decode.h in Headers */,
				D7CF61E0238442E10019C1AA /* config.h in Headers */,
			);
			runOnlyForDeploymentPostprocessing = 0;
		};
/* End PBXHeadersBuildPhase section */

/* Begin PBXNativeTarget section */
		D71784B4237CE05100FF9B98 /* DeltaCodec-iOS */ = {
			isa = PBXNativeTarget;
			buildConfigurationList = D71784BA237CE05100FF9B98 /* Build configuration list for PBXNativeTarget "DeltaCodec-iOS" */;
			buildPhases = (
				D71784B0237CE05100FF9B98 /* Headers */,
				D71784B1237CE05100FF9B98 /* Sources */,
				D71784B2237CE05100FF9B98 /* Frameworks */,
				D71784B3237CE05100FF9B98 /* Resources */,
			);
			buildRules = (
			);
			dependencies = (
			);
			name = "DeltaCodec-iOS";
			productName = "DeltaCode-iOS";
			productReference = D71784B5237CE05100FF9B98 /* DeltaCodec.framework */;
			productType = "com.apple.product-type.framework";
		};
		D7BC7E7D23211AC100CF6FFD /* DeltaCodec-macOS */ = {
			isa = PBXNativeTarget;
			buildConfigurationList = D7BC7E8623211AC100CF6FFD /* Build configuration list for PBXNativeTarget "DeltaCodec-macOS" */;
			buildPhases = (
				D7BC7E7923211AC100CF6FFD /* Headers */,
				D7BC7E7A23211AC100CF6FFD /* Sources */,
				D7BC7E7B23211AC100CF6FFD /* Frameworks */,
				D7BC7E7C23211AC100CF6FFD /* Resources */,
			);
			buildRules = (
			);
			dependencies = (
			);
			name = "DeltaCodec-macOS";
			productName = AblyCodec;
			productReference = D7BC7E7E23211AC100CF6FFD /* DeltaCodec.framework */;
			productType = "com.apple.product-type.framework";
		};
		D7BC7EA42321C91500CF6FFD /* DeltaCodecTests */ = {
			isa = PBXNativeTarget;
			buildConfigurationList = D7BC7EAD2321C91500CF6FFD /* Build configuration list for PBXNativeTarget "DeltaCodecTests" */;
			buildPhases = (
				D7BC7EA12321C91500CF6FFD /* Sources */,
				D7BC7EA22321C91500CF6FFD /* Frameworks */,
				D7BC7EA32321C91500CF6FFD /* Resources */,
			);
			buildRules = (
			);
			dependencies = (
				D7BC7EAC2321C91500CF6FFD /* PBXTargetDependency */,
			);
			name = DeltaCodecTests;
			productName = AblyCodecTests;
			productReference = D7BC7EA52321C91500CF6FFD /* DeltaCodecTests.xctest */;
			productType = "com.apple.product-type.bundle.unit-test";
		};
		D7CF61A9238441E90019C1AA /* DeltaCodec-tvOS */ = {
			isa = PBXNativeTarget;
			buildConfigurationList = D7CF61AF238441E90019C1AA /* Build configuration list for PBXNativeTarget "DeltaCodec-tvOS" */;
			buildPhases = (
				D7CF61A5238441E90019C1AA /* Headers */,
				D7CF61A6238441E90019C1AA /* Sources */,
				D7CF61A7238441E90019C1AA /* Frameworks */,
				D7CF61A8238441E90019C1AA /* Resources */,
			);
			buildRules = (
			);
			dependencies = (
			);
			name = "DeltaCodec-tvOS";
			productName = "DeltaCodec-watchOS";
			productReference = D7CF61AA238441E90019C1AA /* DeltaCodec.framework */;
			productType = "com.apple.product-type.framework";
		};
		D7CF61B6238441FE0019C1AA /* DeltaCodec-watchOS */ = {
			isa = PBXNativeTarget;
			buildConfigurationList = D7CF61BC238441FE0019C1AA /* Build configuration list for PBXNativeTarget "DeltaCodec-watchOS" */;
			buildPhases = (
				D7CF61B2238441FE0019C1AA /* Headers */,
				D7CF61B3238441FE0019C1AA /* Sources */,
				D7CF61B4238441FE0019C1AA /* Frameworks */,
				D7CF61B5238441FE0019C1AA /* Resources */,
			);
			buildRules = (
			);
			dependencies = (
			);
			name = "DeltaCodec-watchOS";
			productName = "DeltaCodec-tvOS";
			productReference = D7CF61B7238441FE0019C1AA /* DeltaCodec.framework */;
			productType = "com.apple.product-type.framework";
		};
/* End PBXNativeTarget section */

/* Begin PBXProject section */
		D7BC7E7523211AC100CF6FFD /* Project object */ = {
			isa = PBXProject;
			attributes = {
				CLASSPREFIX = ART;
				LastUpgradeCheck = 1120;
				ORGANIZATIONNAME = Ably;
				TargetAttributes = {
					D71784B4237CE05100FF9B98 = {
						CreatedOnToolsVersion = 11.2;
					};
					D7BC7E7D23211AC100CF6FFD = {
						CreatedOnToolsVersion = 10.3;
					};
					D7BC7EA42321C91500CF6FFD = {
						CreatedOnToolsVersion = 10.3;
						LastSwiftMigration = 1120;
					};
					D7CF61A9238441E90019C1AA = {
						CreatedOnToolsVersion = 11.2.1;
					};
					D7CF61B6238441FE0019C1AA = {
						CreatedOnToolsVersion = 11.2.1;
					};
				};
			};
			buildConfigurationList = D7BC7E7823211AC100CF6FFD /* Build configuration list for PBXProject "DeltaCodec" */;
			compatibilityVersion = "Xcode 9.3";
			developmentRegion = en;
			hasScannedForEncodings = 0;
			knownRegions = (
				en,
				Base,
			);
			mainGroup = D7BC7E7423211AC100CF6FFD;
			productRefGroup = D7BC7E7F23211AC100CF6FFD /* Products */;
			projectDirPath = "";
			projectRoot = "";
			targets = (
				D7BC7EA42321C91500CF6FFD /* DeltaCodecTests */,
				D7BC7E7D23211AC100CF6FFD /* DeltaCodec-macOS */,
				D71784B4237CE05100FF9B98 /* DeltaCodec-iOS */,
				D7CF61A9238441E90019C1AA /* DeltaCodec-tvOS */,
				D7CF61B6238441FE0019C1AA /* DeltaCodec-watchOS */,
			);
		};
/* End PBXProject section */

/* Begin PBXResourcesBuildPhase section */
		D71784B3237CE05100FF9B98 /* Resources */ = {
			isa = PBXResourcesBuildPhase;
			buildActionMask = 2147483647;
			files = (
			);
			runOnlyForDeploymentPostprocessing = 0;
		};
		D7BC7E7C23211AC100CF6FFD /* Resources */ = {
			isa = PBXResourcesBuildPhase;
			buildActionMask = 2147483647;
			files = (
			);
			runOnlyForDeploymentPostprocessing = 0;
		};
		D7BC7EA32321C91500CF6FFD /* Resources */ = {
			isa = PBXResourcesBuildPhase;
			buildActionMask = 2147483647;
			files = (
			);
			runOnlyForDeploymentPostprocessing = 0;
		};
		D7CF61A8238441E90019C1AA /* Resources */ = {
			isa = PBXResourcesBuildPhase;
			buildActionMask = 2147483647;
			files = (
			);
			runOnlyForDeploymentPostprocessing = 0;
		};
		D7CF61B5238441FE0019C1AA /* Resources */ = {
			isa = PBXResourcesBuildPhase;
			buildActionMask = 2147483647;
			files = (
			);
			runOnlyForDeploymentPostprocessing = 0;
		};
/* End PBXResourcesBuildPhase section */

/* Begin PBXSourcesBuildPhase section */
		D71784B1237CE05100FF9B98 /* Sources */ = {
			isa = PBXSourcesBuildPhase;
			buildActionMask = 2147483647;
			files = (
				D71784C0237CE52E00FF9B98 /* ARTDeltaCodec.mm in Sources */,
				D7404CB623843DD70066B5F5 /* xdelta3.c in Sources */,
			);
			runOnlyForDeploymentPostprocessing = 0;
		};
		D7BC7E7A23211AC100CF6FFD /* Sources */ = {
			isa = PBXSourcesBuildPhase;
			buildActionMask = 2147483647;
			files = (
				D7BC7E9E23214BF600CF6FFD /* ARTDeltaCodec.mm in Sources */,
				D7CF61A2238441750019C1AA /* xdelta3.c in Sources */,
			);
			runOnlyForDeploymentPostprocessing = 0;
		};
		D7BC7EA12321C91500CF6FFD /* Sources */ = {
			isa = PBXSourcesBuildPhase;
			buildActionMask = 2147483647;
			files = (
				D7BC7EA82321C91500CF6FFD /* DeltaCodecTests.m in Sources */,
				D71784AF237CC8F700FF9B98 /* DeltaCodecTests.swift in Sources */,
			);
			runOnlyForDeploymentPostprocessing = 0;
		};
		D7CF61A6238441E90019C1AA /* Sources */ = {
			isa = PBXSourcesBuildPhase;
			buildActionMask = 2147483647;
			files = (
				D7CF61C3238442DA0019C1AA /* ARTDeltaCodec.mm in Sources */,
				D7CF61D0238442E00019C1AA /* xdelta3.c in Sources */,
			);
			runOnlyForDeploymentPostprocessing = 0;
		};
		D7CF61B3238441FE0019C1AA /* Sources */ = {
			isa = PBXSourcesBuildPhase;
			buildActionMask = 2147483647;
			files = (
				D7CF61C4238442DA0019C1AA /* ARTDeltaCodec.mm in Sources */,
				D7CF61DE238442E10019C1AA /* xdelta3.c in Sources */,
			);
			runOnlyForDeploymentPostprocessing = 0;
		};
/* End PBXSourcesBuildPhase section */

/* Begin PBXTargetDependency section */
		D7BC7EAC2321C91500CF6FFD /* PBXTargetDependency */ = {
			isa = PBXTargetDependency;
			target = D7BC7E7D23211AC100CF6FFD /* DeltaCodec-macOS */;
			targetProxy = D7BC7EAB2321C91500CF6FFD /* PBXContainerItemProxy */;
		};
/* End PBXTargetDependency section */

/* Begin XCBuildConfiguration section */
		D71784BB237CE05100FF9B98 /* Debug */ = {
			isa = XCBuildConfiguration;
			buildSettings = {
				APPLICATION_EXTENSION_API_ONLY = NO;
				CODE_SIGN_STYLE = Automatic;
				DEFINES_MODULE = YES;
				DYLIB_COMPATIBILITY_VERSION = 1;
				DYLIB_CURRENT_VERSION = 1;
				DYLIB_INSTALL_NAME_BASE = "@rpath";
				GCC_PREPROCESSOR_DEFINITIONS = (
					"$(inherited)",
					"HAVE_CONFIG_H=1",
				);
				INFOPLIST_FILE = DeltaCodec/Info.plist;
				INSTALL_PATH = "$(LOCAL_LIBRARY_DIR)/Frameworks";
				IPHONEOS_DEPLOYMENT_TARGET = 8.0;
				LD_RUNPATH_SEARCH_PATHS = (
					"$(inherited)",
					"@executable_path/Frameworks",
					"@loader_path/Frameworks",
				);
				PRODUCT_BUNDLE_IDENTIFIER = "io.ably.DeltaCodec-iOS";
				PRODUCT_NAME = DeltaCodec;
				SDKROOT = iphoneos;
				SKIP_INSTALL = YES;
				TARGETED_DEVICE_FAMILY = "1,2";
			};
			name = Debug;
		};
		D71784BC237CE05100FF9B98 /* Release */ = {
			isa = XCBuildConfiguration;
			buildSettings = {
				APPLICATION_EXTENSION_API_ONLY = NO;
				CODE_SIGN_STYLE = Automatic;
				DEFINES_MODULE = YES;
				DYLIB_COMPATIBILITY_VERSION = 1;
				DYLIB_CURRENT_VERSION = 1;
				DYLIB_INSTALL_NAME_BASE = "@rpath";
				GCC_PREPROCESSOR_DEFINITIONS = "HAVE_CONFIG_H=1";
				INFOPLIST_FILE = DeltaCodec/Info.plist;
				INSTALL_PATH = "$(LOCAL_LIBRARY_DIR)/Frameworks";
				IPHONEOS_DEPLOYMENT_TARGET = 8.0;
				LD_RUNPATH_SEARCH_PATHS = (
					"$(inherited)",
					"@executable_path/Frameworks",
					"@loader_path/Frameworks",
				);
				PRODUCT_BUNDLE_IDENTIFIER = "io.ably.DeltaCodec-iOS";
				PRODUCT_NAME = DeltaCodec;
				SDKROOT = iphoneos;
				SKIP_INSTALL = YES;
				TARGETED_DEVICE_FAMILY = "1,2";
				VALIDATE_PRODUCT = YES;
			};
			name = Release;
		};
		D7BC7E8423211AC100CF6FFD /* Debug */ = {
			isa = XCBuildConfiguration;
			buildSettings = {
				ALWAYS_SEARCH_USER_PATHS = NO;
				CLANG_ANALYZER_NONNULL = YES;
				CLANG_ANALYZER_NUMBER_OBJECT_CONVERSION = YES_AGGRESSIVE;
				CLANG_CXX_LANGUAGE_STANDARD = "gnu++14";
				CLANG_CXX_LIBRARY = "libc++";
				CLANG_ENABLE_MODULES = YES;
				CLANG_ENABLE_OBJC_ARC = YES;
				CLANG_ENABLE_OBJC_WEAK = YES;
				CLANG_WARN_BLOCK_CAPTURE_AUTORELEASING = YES;
				CLANG_WARN_BOOL_CONVERSION = YES;
				CLANG_WARN_COMMA = YES;
				CLANG_WARN_CONSTANT_CONVERSION = YES;
				CLANG_WARN_DEPRECATED_OBJC_IMPLEMENTATIONS = YES;
				CLANG_WARN_DIRECT_OBJC_ISA_USAGE = YES_ERROR;
				CLANG_WARN_DOCUMENTATION_COMMENTS = YES;
				CLANG_WARN_EMPTY_BODY = YES;
				CLANG_WARN_ENUM_CONVERSION = YES;
				CLANG_WARN_INFINITE_RECURSION = YES;
				CLANG_WARN_INT_CONVERSION = YES;
				CLANG_WARN_NON_LITERAL_NULL_CONVERSION = YES;
				CLANG_WARN_OBJC_IMPLICIT_RETAIN_SELF = YES;
				CLANG_WARN_OBJC_LITERAL_CONVERSION = YES;
				CLANG_WARN_OBJC_ROOT_CLASS = YES_ERROR;
				CLANG_WARN_RANGE_LOOP_ANALYSIS = YES;
				CLANG_WARN_STRICT_PROTOTYPES = YES;
				CLANG_WARN_SUSPICIOUS_MOVE = YES;
				CLANG_WARN_UNGUARDED_AVAILABILITY = YES_AGGRESSIVE;
				CLANG_WARN_UNREACHABLE_CODE = YES;
				CLANG_WARN__DUPLICATE_METHOD_MATCH = YES;
				CODE_SIGN_IDENTITY = "Mac Developer";
				COPY_PHASE_STRIP = NO;
				CURRENT_PROJECT_VERSION = 1;
				DEBUG_INFORMATION_FORMAT = dwarf;
				ENABLE_STRICT_OBJC_MSGSEND = YES;
				ENABLE_TESTABILITY = YES;
				GCC_C_LANGUAGE_STANDARD = gnu11;
				GCC_DYNAMIC_NO_PIC = NO;
				GCC_NO_COMMON_BLOCKS = YES;
				GCC_OPTIMIZATION_LEVEL = 0;
				GCC_PREPROCESSOR_DEFINITIONS = (
					"DEBUG=1",
					"$(inherited)",
				);
				GCC_WARN_64_TO_32_BIT_CONVERSION = YES;
				GCC_WARN_ABOUT_RETURN_TYPE = YES_ERROR;
				GCC_WARN_UNDECLARED_SELECTOR = YES;
				GCC_WARN_UNINITIALIZED_AUTOS = YES_AGGRESSIVE;
				GCC_WARN_UNUSED_FUNCTION = YES;
				GCC_WARN_UNUSED_VARIABLE = YES;
				MACOSX_DEPLOYMENT_TARGET = 10.14;
				MTL_ENABLE_DEBUG_INFO = INCLUDE_SOURCE;
				MTL_FAST_MATH = YES;
				ONLY_ACTIVE_ARCH = YES;
				SDKROOT = macosx;
				VERSIONING_SYSTEM = "apple-generic";
				VERSION_INFO_PREFIX = "";
			};
			name = Debug;
		};
		D7BC7E8523211AC100CF6FFD /* Release */ = {
			isa = XCBuildConfiguration;
			buildSettings = {
				ALWAYS_SEARCH_USER_PATHS = NO;
				CLANG_ANALYZER_NONNULL = YES;
				CLANG_ANALYZER_NUMBER_OBJECT_CONVERSION = YES_AGGRESSIVE;
				CLANG_CXX_LANGUAGE_STANDARD = "gnu++14";
				CLANG_CXX_LIBRARY = "libc++";
				CLANG_ENABLE_MODULES = YES;
				CLANG_ENABLE_OBJC_ARC = YES;
				CLANG_ENABLE_OBJC_WEAK = YES;
				CLANG_WARN_BLOCK_CAPTURE_AUTORELEASING = YES;
				CLANG_WARN_BOOL_CONVERSION = YES;
				CLANG_WARN_COMMA = YES;
				CLANG_WARN_CONSTANT_CONVERSION = YES;
				CLANG_WARN_DEPRECATED_OBJC_IMPLEMENTATIONS = YES;
				CLANG_WARN_DIRECT_OBJC_ISA_USAGE = YES_ERROR;
				CLANG_WARN_DOCUMENTATION_COMMENTS = YES;
				CLANG_WARN_EMPTY_BODY = YES;
				CLANG_WARN_ENUM_CONVERSION = YES;
				CLANG_WARN_INFINITE_RECURSION = YES;
				CLANG_WARN_INT_CONVERSION = YES;
				CLANG_WARN_NON_LITERAL_NULL_CONVERSION = YES;
				CLANG_WARN_OBJC_IMPLICIT_RETAIN_SELF = YES;
				CLANG_WARN_OBJC_LITERAL_CONVERSION = YES;
				CLANG_WARN_OBJC_ROOT_CLASS = YES_ERROR;
				CLANG_WARN_RANGE_LOOP_ANALYSIS = YES;
				CLANG_WARN_STRICT_PROTOTYPES = YES;
				CLANG_WARN_SUSPICIOUS_MOVE = YES;
				CLANG_WARN_UNGUARDED_AVAILABILITY = YES_AGGRESSIVE;
				CLANG_WARN_UNREACHABLE_CODE = YES;
				CLANG_WARN__DUPLICATE_METHOD_MATCH = YES;
				CODE_SIGN_IDENTITY = "Mac Developer";
				COPY_PHASE_STRIP = NO;
				CURRENT_PROJECT_VERSION = 1;
				DEBUG_INFORMATION_FORMAT = "dwarf-with-dsym";
				ENABLE_NS_ASSERTIONS = NO;
				ENABLE_STRICT_OBJC_MSGSEND = YES;
				GCC_C_LANGUAGE_STANDARD = gnu11;
				GCC_NO_COMMON_BLOCKS = YES;
				GCC_WARN_64_TO_32_BIT_CONVERSION = YES;
				GCC_WARN_ABOUT_RETURN_TYPE = YES_ERROR;
				GCC_WARN_UNDECLARED_SELECTOR = YES;
				GCC_WARN_UNINITIALIZED_AUTOS = YES_AGGRESSIVE;
				GCC_WARN_UNUSED_FUNCTION = YES;
				GCC_WARN_UNUSED_VARIABLE = YES;
				MACOSX_DEPLOYMENT_TARGET = 10.14;
				MTL_ENABLE_DEBUG_INFO = NO;
				MTL_FAST_MATH = YES;
				SDKROOT = macosx;
				SWIFT_COMPILATION_MODE = wholemodule;
				VERSIONING_SYSTEM = "apple-generic";
				VERSION_INFO_PREFIX = "";
			};
			name = Release;
		};
		D7BC7E8723211AC100CF6FFD /* Debug */ = {
			isa = XCBuildConfiguration;
			buildSettings = {
				CODE_SIGN_IDENTITY = "";
				CODE_SIGN_STYLE = Automatic;
				COMBINE_HIDPI_IMAGES = YES;
				DEFINES_MODULE = YES;
				DEVELOPMENT_TEAM = 2E58BZR8M3;
				DYLIB_COMPATIBILITY_VERSION = 1;
				DYLIB_CURRENT_VERSION = 1;
				DYLIB_INSTALL_NAME_BASE = "@rpath";
				FRAMEWORK_VERSION = A;
				GCC_PREPROCESSOR_DEFINITIONS = (
					"$(inherited)",
					"HAVE_CONFIG_H=1",
				);
				INFOPLIST_FILE = DeltaCodec/Info.plist;
				INSTALL_PATH = "$(LOCAL_LIBRARY_DIR)/Frameworks";
				PRODUCT_BUNDLE_IDENTIFIER = io.ably.DeltaCodec;
				PRODUCT_NAME = DeltaCodec;
				SKIP_INSTALL = YES;
			};
			name = Debug;
		};
		D7BC7E8823211AC100CF6FFD /* Release */ = {
			isa = XCBuildConfiguration;
			buildSettings = {
				CODE_SIGN_IDENTITY = "";
				CODE_SIGN_STYLE = Automatic;
				COMBINE_HIDPI_IMAGES = YES;
				DEFINES_MODULE = YES;
				DEVELOPMENT_TEAM = 2E58BZR8M3;
				DYLIB_COMPATIBILITY_VERSION = 1;
				DYLIB_CURRENT_VERSION = 1;
				DYLIB_INSTALL_NAME_BASE = "@rpath";
				FRAMEWORK_VERSION = A;
				GCC_PREPROCESSOR_DEFINITIONS = "HAVE_CONFIG_H=1";
				INFOPLIST_FILE = DeltaCodec/Info.plist;
				INSTALL_PATH = "$(LOCAL_LIBRARY_DIR)/Frameworks";
				PRODUCT_BUNDLE_IDENTIFIER = io.ably.DeltaCodec;
				PRODUCT_NAME = DeltaCodec;
				SKIP_INSTALL = YES;
			};
			name = Release;
		};
		D7BC7EAE2321C91500CF6FFD /* Debug */ = {
			isa = XCBuildConfiguration;
			buildSettings = {
				CLANG_ENABLE_MODULES = YES;
				CODE_SIGN_STYLE = Automatic;
				COMBINE_HIDPI_IMAGES = YES;
				DEVELOPMENT_TEAM = 2E58BZR8M3;
				INFOPLIST_FILE = DeltaCodecTests/Info.plist;
				LD_RUNPATH_SEARCH_PATHS = (
					"$(inherited)",
					"@executable_path/../Frameworks",
					"@loader_path/../Frameworks",
				);
				PRODUCT_BUNDLE_IDENTIFIER = io.ably.DeltaCodecTests;
				PRODUCT_NAME = "$(TARGET_NAME)";
				SUPPORTED_PLATFORMS = "macosx iphoneos appletvos watchos iphonesimulator appletvsimulator watchsimulator";
				SWIFT_OBJC_BRIDGING_HEADER = "DeltaCodecTests/DeltaCodecTests-Bridging-Header.h";
				SWIFT_OPTIMIZATION_LEVEL = "-Onone";
				SWIFT_VERSION = 5.0;
			};
			name = Debug;
		};
		D7BC7EAF2321C91500CF6FFD /* Release */ = {
			isa = XCBuildConfiguration;
			buildSettings = {
				CLANG_ENABLE_MODULES = YES;
				CODE_SIGN_STYLE = Automatic;
				COMBINE_HIDPI_IMAGES = YES;
				DEVELOPMENT_TEAM = 2E58BZR8M3;
				INFOPLIST_FILE = DeltaCodecTests/Info.plist;
				LD_RUNPATH_SEARCH_PATHS = (
					"$(inherited)",
					"@executable_path/../Frameworks",
					"@loader_path/../Frameworks",
				);
				PRODUCT_BUNDLE_IDENTIFIER = io.ably.DeltaCodecTests;
				PRODUCT_NAME = "$(TARGET_NAME)";
				SUPPORTED_PLATFORMS = "macosx iphoneos appletvos watchos iphonesimulator appletvsimulator watchsimulator";
				SWIFT_OBJC_BRIDGING_HEADER = "DeltaCodecTests/DeltaCodecTests-Bridging-Header.h";
				SWIFT_VERSION = 5.0;
			};
			name = Release;
		};
		D7CF61B0238441E90019C1AA /* Debug */ = {
			isa = XCBuildConfiguration;
			buildSettings = {
				CODE_SIGN_STYLE = Automatic;
				DEFINES_MODULE = YES;
				DYLIB_COMPATIBILITY_VERSION = 1;
				DYLIB_CURRENT_VERSION = 1;
				DYLIB_INSTALL_NAME_BASE = "@rpath";
				GCC_PREPROCESSOR_DEFINITIONS = (
					"$(inherited)",
					"HAVE_CONFIG_H=1",
				);
				INFOPLIST_FILE = DeltaCodec/Info.plist;
				INSTALL_PATH = "$(LOCAL_LIBRARY_DIR)/Frameworks";
				LD_RUNPATH_SEARCH_PATHS = (
					"$(inherited)",
					"@executable_path/Frameworks",
					"@loader_path/Frameworks",
				);
				PRODUCT_BUNDLE_IDENTIFIER = "io.ably.DeltaCodec-watchOS";
				PRODUCT_NAME = DeltaCodec;
				SDKROOT = appletvos;
				SKIP_INSTALL = YES;
				TARGETED_DEVICE_FAMILY = 3;
				TVOS_DEPLOYMENT_TARGET = 9.0;
			};
			name = Debug;
		};
		D7CF61B1238441E90019C1AA /* Release */ = {
			isa = XCBuildConfiguration;
			buildSettings = {
				CODE_SIGN_STYLE = Automatic;
				DEFINES_MODULE = YES;
				DYLIB_COMPATIBILITY_VERSION = 1;
				DYLIB_CURRENT_VERSION = 1;
				DYLIB_INSTALL_NAME_BASE = "@rpath";
				GCC_PREPROCESSOR_DEFINITIONS = "HAVE_CONFIG_H=1";
				"GCC_PREPROCESSOR_DEFINITIONS[arch=*]" = "";
				INFOPLIST_FILE = DeltaCodec/Info.plist;
				INSTALL_PATH = "$(LOCAL_LIBRARY_DIR)/Frameworks";
				LD_RUNPATH_SEARCH_PATHS = (
					"$(inherited)",
					"@executable_path/Frameworks",
					"@loader_path/Frameworks",
				);
				PRODUCT_BUNDLE_IDENTIFIER = "io.ably.DeltaCodec-watchOS";
				PRODUCT_NAME = DeltaCodec;
				SDKROOT = appletvos;
				SKIP_INSTALL = YES;
				TARGETED_DEVICE_FAMILY = 3;
				TVOS_DEPLOYMENT_TARGET = 9.0;
				VALIDATE_PRODUCT = YES;
			};
			name = Release;
		};
		D7CF61BD238441FE0019C1AA /* Debug */ = {
			isa = XCBuildConfiguration;
			buildSettings = {
				APPLICATION_EXTENSION_API_ONLY = YES;
				CODE_SIGN_STYLE = Automatic;
				DEFINES_MODULE = YES;
				DYLIB_COMPATIBILITY_VERSION = 1;
				DYLIB_CURRENT_VERSION = 1;
				DYLIB_INSTALL_NAME_BASE = "@rpath";
				GCC_PREPROCESSOR_DEFINITIONS = (
					"$(inherited)",
					"HAVE_CONFIG_H=1",
				);
				INFOPLIST_FILE = DeltaCodec/Info.plist;
				INSTALL_PATH = "$(LOCAL_LIBRARY_DIR)/Frameworks";
				LD_RUNPATH_SEARCH_PATHS = (
					"$(inherited)",
					"@executable_path/Frameworks",
					"@loader_path/Frameworks",
				);
				PRODUCT_BUNDLE_IDENTIFIER = "io.ably.DeltaCodec-tvOS";
				PRODUCT_NAME = DeltaCodec;
				SDKROOT = watchos;
				SKIP_INSTALL = YES;
				TARGETED_DEVICE_FAMILY = 4;
				WATCHOS_DEPLOYMENT_TARGET = 4.0;
			};
			name = Debug;
		};
		D7CF61BE238441FE0019C1AA /* Release */ = {
			isa = XCBuildConfiguration;
			buildSettings = {
				APPLICATION_EXTENSION_API_ONLY = YES;
				CODE_SIGN_STYLE = Automatic;
				DEFINES_MODULE = YES;
				DYLIB_COMPATIBILITY_VERSION = 1;
				DYLIB_CURRENT_VERSION = 1;
				DYLIB_INSTALL_NAME_BASE = "@rpath";
				GCC_PREPROCESSOR_DEFINITIONS = "HAVE_CONFIG_H=1";
				INFOPLIST_FILE = DeltaCodec/Info.plist;
				INSTALL_PATH = "$(LOCAL_LIBRARY_DIR)/Frameworks";
				LD_RUNPATH_SEARCH_PATHS = (
					"$(inherited)",
					"@executable_path/Frameworks",
					"@loader_path/Frameworks",
				);
				PRODUCT_BUNDLE_IDENTIFIER = "io.ably.DeltaCodec-tvOS";
				PRODUCT_NAME = DeltaCodec;
				SDKROOT = watchos;
				SKIP_INSTALL = YES;
				TARGETED_DEVICE_FAMILY = 4;
				VALIDATE_PRODUCT = YES;
				WATCHOS_DEPLOYMENT_TARGET = 4.0;
			};
			name = Release;
		};
/* End XCBuildConfiguration section */

/* Begin XCConfigurationList section */
		D71784BA237CE05100FF9B98 /* Build configuration list for PBXNativeTarget "DeltaCodec-iOS" */ = {
			isa = XCConfigurationList;
			buildConfigurations = (
				D71784BB237CE05100FF9B98 /* Debug */,
				D71784BC237CE05100FF9B98 /* Release */,
			);
			defaultConfigurationIsVisible = 0;
			defaultConfigurationName = Release;
		};
		D7BC7E7823211AC100CF6FFD /* Build configuration list for PBXProject "DeltaCodec" */ = {
			isa = XCConfigurationList;
			buildConfigurations = (
				D7BC7E8423211AC100CF6FFD /* Debug */,
				D7BC7E8523211AC100CF6FFD /* Release */,
			);
			defaultConfigurationIsVisible = 0;
			defaultConfigurationName = Release;
		};
		D7BC7E8623211AC100CF6FFD /* Build configuration list for PBXNativeTarget "DeltaCodec-macOS" */ = {
			isa = XCConfigurationList;
			buildConfigurations = (
				D7BC7E8723211AC100CF6FFD /* Debug */,
				D7BC7E8823211AC100CF6FFD /* Release */,
			);
			defaultConfigurationIsVisible = 0;
			defaultConfigurationName = Release;
		};
		D7BC7EAD2321C91500CF6FFD /* Build configuration list for PBXNativeTarget "DeltaCodecTests" */ = {
			isa = XCConfigurationList;
			buildConfigurations = (
				D7BC7EAE2321C91500CF6FFD /* Debug */,
				D7BC7EAF2321C91500CF6FFD /* Release */,
			);
			defaultConfigurationIsVisible = 0;
			defaultConfigurationName = Release;
		};
		D7CF61AF238441E90019C1AA /* Build configuration list for PBXNativeTarget "DeltaCodec-tvOS" */ = {
			isa = XCConfigurationList;
			buildConfigurations = (
				D7CF61B0238441E90019C1AA /* Debug */,
				D7CF61B1238441E90019C1AA /* Release */,
			);
			defaultConfigurationIsVisible = 0;
			defaultConfigurationName = Release;
		};
		D7CF61BC238441FE0019C1AA /* Build configuration list for PBXNativeTarget "DeltaCodec-watchOS" */ = {
			isa = XCConfigurationList;
			buildConfigurations = (
				D7CF61BD238441FE0019C1AA /* Debug */,
				D7CF61BE238441FE0019C1AA /* Release */,
			);
			defaultConfigurationIsVisible = 0;
			defaultConfigurationName = Release;
		};
/* End XCConfigurationList section */
	};
	rootObject = D7BC7E7523211AC100CF6FFD /* Project object */;
}
